
Microsoft Visual Studio Solution File, Format Version 12.00
# Visual Studio 2012
Project("{E24C65DC-7377-472B-9ABA-BC803B73C61A}") = "web", "http://localhost:14121", "{BB141EA3-4D7D-42A8-95A7-DA9953E6EFBE}"
	ProjectSection(WebsiteProperties) = preProject
		UseIISExpress = "true"
		TargetFrameworkMoniker = ".NETFramework,Version%3Dv4.7"
		Debug.AspNetCompiler.VirtualPath = "/localhost_14121"
		Debug.AspNetCompiler.PhysicalPath = "web\"
		Debug.AspNetCompiler.TargetPath = "PrecompiledWeb\localhost_14121\"
		Debug.AspNetCompiler.Updateable = "true"
		Debug.AspNetCompiler.ForceOverwrite = "true"
		Debug.AspNetCompiler.FixedNames = "false"
		Debug.AspNetCompiler.Debug = "True"
		Release.AspNetCompiler.VirtualPath = "/localhost_14121"
		Release.AspNetCompiler.PhysicalPath = "web\"
		Release.AspNetCompiler.TargetPath = "PrecompiledWeb\localhost_14121\"
		Release.AspNetCompiler.Updateable = "true"
		Release.AspNetCompiler.ForceOverwrite = "true"
		Release.AspNetCompiler.FixedNames = "false"
		Release.AspNetCompiler.Debug = "False"
		SlnRelativePath = "web\"
		DefaultWebSiteLanguage = "Visual C#"
	EndProjectSection
EndProject
Project("{FAE04EC0-301F-11D3-BF4B-00C04F79EFBC}") = "client", "client\client.csproj", "{E29D64E7-997A-4587-B7B3-8F11970E908B}"
EndProject
Global
	GlobalSection(SolutionConfigurationPlatforms) = preSolution
		Debug|Any CPU = Debug|Any CPU
		Release|Any CPU = Release|Any CPU
	EndGlobalSection
	GlobalSection(ProjectConfigurationPlatforms) = postSolution
		{BB141EA3-4D7D-42A8-95A7-DA9953E6EFBE}.Debug|Any CPU.ActiveCfg = Debug|Any CPU
		{BB141EA3-4D7D-42A8-95A7-DA9953E6EFBE}.Debug|Any CPU.Build.0 = Debug|Any CPU
		{BB141EA3-4D7D-42A8-95A7-DA9953E6EFBE}.Release|Any CPU.ActiveCfg = Debug|Any CPU
		{BB141EA3-4D7D-42A8-95A7-DA9953E6EFBE}.Release|Any CPU.Build.0 = Debug|Any CPU
		{E29D64E7-997A-4587-B7B3-8F11970E908B}.Debug|Any CPU.ActiveCfg = Debug|Any CPU
		{E29D64E7-997A-4587-B7B3-8F11970E908B}.Debug|Any CPU.Build.0 = Debug|Any CPU
		{E29D64E7-997A-4587-B7B3-8F11970E908B}.Release|Any CPU.ActiveCfg = Release|Any CPU
		{E29D64E7-997A-4587-B7B3-8F11970E908B}.Release|Any CPU.Build.0 = Release|Any CPU
	EndGlobalSection
	GlobalSection(SolutionProperties) = preSolution
		HideSolutionNode = FALSE
	EndGlobalSection
EndGlobal
